// !$*UTF8*$!
{
	archiveVersion = 1;
	classes = {
	};
	objectVersion = 50;
	objects = {

/* Begin PBXBuildFile section */
		B8B77C2A2682438600EE1CA3 /* AppDelegate.swift in Sources */ = {isa = PBXBuildFile; fileRef = B8B77C292682438600EE1CA3 /* AppDelegate.swift */; };
		B8B77C2C2682438600EE1CA3 /* SceneDelegate.swift in Sources */ = {isa = PBXBuildFile; fileRef = B8B77C2B2682438600EE1CA3 /* SceneDelegate.swift */; };
		B8B77C2E2682438600EE1CA3 /* CommentsViewController.swift in Sources */ = {isa = PBXBuildFile; fileRef = B8B77C2D2682438600EE1CA3 /* CommentsViewController.swift */; };
		B8B77C312682438600EE1CA3 /* Comments.storyboard in Resources */ = {isa = PBXBuildFile; fileRef = B8B77C2F2682438600EE1CA3 /* Comments.storyboard */; };
		B8B77C332682438700EE1CA3 /* Assets.xcassets in Resources */ = {isa = PBXBuildFile; fileRef = B8B77C322682438700EE1CA3 /* Assets.xcassets */; };
		B8B77C362682438700EE1CA3 /* LaunchScreen.storyboard in Resources */ = {isa = PBXBuildFile; fileRef = B8B77C342682438700EE1CA3 /* LaunchScreen.storyboard */; };
		B8B77C472682546300EE1CA3 /* CommentCell.swift in Sources */ = {isa = PBXBuildFile; fileRef = B8B77C462682546300EE1CA3 /* CommentCell.swift */; };
		B8B77C492682562100EE1CA3 /* Comment.swift in Sources */ = {isa = PBXBuildFile; fileRef = B8B77C482682562100EE1CA3 /* Comment.swift */; };
/* End PBXBuildFile section */

/* Begin PBXFileReference section */
		B8B77C262682438600EE1CA3 /* MVC-N.app */ = {isa = PBXFileReference; explicitFileType = wrapper.application; includeInIndex = 0; path = "MVC-N.app"; sourceTree = BUILT_PRODUCTS_DIR; };
		B8B77C292682438600EE1CA3 /* AppDelegate.swift */ = {isa = PBXFileReference; lastKnownFileType = sourcecode.swift; path = AppDelegate.swift; sourceTree = "<group>"; };
		B8B77C2B2682438600EE1CA3 /* SceneDelegate.swift */ = {isa = PBXFileReference; lastKnownFileType = sourcecode.swift; path = SceneDelegate.swift; sourceTree = "<group>"; };
		B8B77C2D2682438600EE1CA3 /* CommentsViewController.swift */ = {isa = PBXFileReference; lastKnownFileType = sourcecode.swift; path = CommentsViewController.swift; sourceTree = "<group>"; };
		B8B77C302682438600EE1CA3 /* Base */ = {isa = PBXFileReference; lastKnownFileType = file.storyboard; name = Base; path = Base.lproj/Comments.storyboard; sourceTree = "<group>"; };
		B8B77C322682438700EE1CA3 /* Assets.xcassets */ = {isa = PBXFileReference; lastKnownFileType = folder.assetcatalog; path = Assets.xcassets; sourceTree = "<group>"; };
		B8B77C352682438700EE1CA3 /* Base */ = {isa = PBXFileReference; lastKnownFileType = file.storyboard; name = Base; path = Base.lproj/LaunchScreen.storyboard; sourceTree = "<group>"; };
		B8B77C372682438700EE1CA3 /* Info.plist */ = {isa = PBXFileReference; lastKnownFileType = text.plist.xml; path = Info.plist; sourceTree = "<group>"; };
		B8B77C462682546300EE1CA3 /* CommentCell.swift */ = {isa = PBXFileReference; lastKnownFileType = sourcecode.swift; path = CommentCell.swift; sourceTree = "<group>"; };
		B8B77C482682562100EE1CA3 /* Comment.swift */ = {isa = PBXFileReference; lastKnownFileType = sourcecode.swift; path = Comment.swift; sourceTree = "<group>"; };
/* End PBXFileReference section */

/* Begin PBXFrameworksBuildPhase section */
		B8B77C232682438600EE1CA3 /* Frameworks */ = {
			isa = PBXFrameworksBuildPhase;
			buildActionMask = 2147483647;
			files = (
			);
			runOnlyForDeploymentPostprocessing = 0;
		};
/* End PBXFrameworksBuildPhase section */

/* Begin PBXGroup section */
		B8B77C1D2682438500EE1CA3 = {
			isa = PBXGroup;
			children = (
				B8B77C282682438600EE1CA3 /* MVC-N */,
				B8B77C272682438600EE1CA3 /* Products */,
			);
			sourceTree = "<group>";
		};
		B8B77C272682438600EE1CA3 /* Products */ = {
			isa = PBXGroup;
			children = (
				B8B77C262682438600EE1CA3 /* MVC-N.app */,
			);
			name = Products;
			sourceTree = "<group>";
		};
		B8B77C282682438600EE1CA3 /* MVC-N */ = {
			isa = PBXGroup;
			children = (
				B8B77C402682440D00EE1CA3 /* Application */,
				B8B77C412682445E00EE1CA3 /* COMMENTS */,
				B8B77C452682458B00EE1CA3 /* Support Files */,
			);
			path = "MVC-N";
			sourceTree = "<group>";
		};
		B8B77C3D268243E500EE1CA3 /* MODEL */ = {
			isa = PBXGroup;
			children = (
			);
			path = MODEL;
			sourceTree = "<group>";
		};
		B8B77C3E268243FC00EE1CA3 /* VIEW */ = {
			isa = PBXGroup;
			children = (
				B8B77C342682438700EE1CA3 /* LaunchScreen.storyboard */,
			);
			path = VIEW;
			sourceTree = "<group>";
		};
		B8B77C3F2682440500EE1CA3 /* CONTROLLER */ = {
			isa = PBXGroup;
			children = (
				B8B77C2B2682438600EE1CA3 /* SceneDelegate.swift */,
				B8B77C292682438600EE1CA3 /* AppDelegate.swift */,
			);
			path = CONTROLLER;
			sourceTree = "<group>";
		};
		B8B77C402682440D00EE1CA3 /* Application */ = {
			isa = PBXGroup;
			children = (
				B8B77C3D268243E500EE1CA3 /* MODEL */,
				B8B77C3E268243FC00EE1CA3 /* VIEW */,
				B8B77C3F2682440500EE1CA3 /* CONTROLLER */,
			);
			path = Application;
			sourceTree = "<group>";
		};
		B8B77C412682445E00EE1CA3 /* COMMENTS */ = {
			isa = PBXGroup;
			children = (
				B8B77C442682448400EE1CA3 /* MODEL */,
				B8B77C432682447B00EE1CA3 /* VIEW */,
				B8B77C422682447300EE1CA3 /* CONTROLLER */,
			);
			path = COMMENTS;
			sourceTree = "<group>";
		};
		B8B77C422682447300EE1CA3 /* CONTROLLER */ = {
			isa = PBXGroup;
			children = (
				B8B77C2D2682438600EE1CA3 /* CommentsViewController.swift */,
				B8B77C462682546300EE1CA3 /* CommentCell.swift */,
			);
			path = CONTROLLER;
			sourceTree = "<group>";
		};
		B8B77C432682447B00EE1CA3 /* VIEW */ = {
			isa = PBXGroup;
			children = (
				B8B77C2F2682438600EE1CA3 /* Comments.storyboard */,
			);
			path = VIEW;
			sourceTree = "<group>";
		};
		B8B77C442682448400EE1CA3 /* MODEL */ = {
			isa = PBXGroup;
			children = (
				B8B77C482682562100EE1CA3 /* Comment.swift */,
			);
			path = MODEL;
			sourceTree = "<group>";
		};
		B8B77C452682458B00EE1CA3 /* Support Files */ = {
			isa = PBXGroup;
			children = (
				B8B77C322682438700EE1CA3 /* Assets.xcassets */,
				B8B77C372682438700EE1CA3 /* Info.plist */,
			);
			path = "Support Files";
			sourceTree = "<group>";
		};
/* End PBXGroup section */

/* Begin PBXNativeTarget section */
		B8B77C252682438600EE1CA3 /* MVC-N */ = {
			isa = PBXNativeTarget;
			buildConfigurationList = B8B77C3A2682438700EE1CA3 /* Build configuration list for PBXNativeTarget "MVC-N" */;
			buildPhases = (
				B8B77C222682438600EE1CA3 /* Sources */,
				B8B77C232682438600EE1CA3 /* Frameworks */,
				B8B77C242682438600EE1CA3 /* Resources */,
			);
			buildRules = (
			);
			dependencies = (
			);
			name = "MVC-N";
			productName = "MVC-N";
			productReference = B8B77C262682438600EE1CA3 /* MVC-N.app */;
			productType = "com.apple.product-type.application";
		};
/* End PBXNativeTarget section */

/* Begin PBXProject section */
		B8B77C1E2682438500EE1CA3 /* Project object */ = {
			isa = PBXProject;
			attributes = {
				LastSwiftUpdateCheck = 1250;
				LastUpgradeCheck = 1250;
				TargetAttributes = {
					B8B77C252682438600EE1CA3 = {
						CreatedOnToolsVersion = 12.5;
					};
				};
			};
			buildConfigurationList = B8B77C212682438500EE1CA3 /* Build configuration list for PBXProject "MVC-N" */;
			compatibilityVersion = "Xcode 9.3";
			developmentRegion = en;
			hasScannedForEncodings = 0;
			knownRegions = (
				en,
				Base,
			);
			mainGroup = B8B77C1D2682438500EE1CA3;
			productRefGroup = B8B77C272682438600EE1CA3 /* Products */;
			projectDirPath = "";
			projectRoot = "";
			targets = (
				B8B77C252682438600EE1CA3 /* MVC-N */,
			);
		};
/* End PBXProject section */

/* Begin PBXResourcesBuildPhase section */
		B8B77C242682438600EE1CA3 /* Resources */ = {
			isa = PBXResourcesBuildPhase;
			buildActionMask = 2147483647;
			files = (
				B8B77C362682438700EE1CA3 /* LaunchScreen.storyboard in Resources */,
				B8B77C332682438700EE1CA3 /* Assets.xcassets in Resources */,
				B8B77C312682438600EE1CA3 /* Comments.storyboard in Resources */,
			);
			runOnlyForDeploymentPostprocessing = 0;
		};
/* End PBXResourcesBuildPhase section */

/* Begin PBXSourcesBuildPhase section */
		B8B77C222682438600EE1CA3 /* Sources */ = {
			isa = PBXSourcesBuildPhase;
			buildActionMask = 2147483647;
			files = (
				B8B77C492682562100EE1CA3 /* Comment.swift in Sources */,
				B8B77C2E2682438600EE1CA3 /* CommentsViewController.swift in Sources */,
				B8B77C2A2682438600EE1CA3 /* AppDelegate.swift in Sources */,
				B8B77C2C2682438600EE1CA3 /* SceneDelegate.swift in Sources */,
				B8B77C472682546300EE1CA3 /* CommentCell.swift in Sources */,
			);
			runOnlyForDeploymentPostprocessing = 0;
		};
/* End PBXSourcesBuildPhase section */

/* Begin PBXVariantGroup section */
		B8B77C2F2682438600EE1CA3 /* Comments.storyboard */ = {
			isa = PBXVariantGroup;
			children = (
				B8B77C302682438600EE1CA3 /* Base */,
			);
			name = Comments.storyboard;
			sourceTree = "<group>";
		};
		B8B77C342682438700EE1CA3 /* LaunchScreen.storyboard */ = {
			isa = PBXVariantGroup;
			children = (
				B8B77C352682438700EE1CA3 /* Base */,
			);
			name = LaunchScreen.storyboard;
			sourceTree = "<group>";
		};
/* End PBXVariantGroup section */

/* Begin XCBuildConfiguration section */
		B8B77C382682438700EE1CA3 /* Debug */ = {
			isa = XCBuildConfiguration;
			buildSettings = {
				ALWAYS_SEARCH_USER_PATHS = NO;
				CLANG_ANALYZER_NONNULL = YES;
				CLANG_ANALYZER_NUMBER_OBJECT_CONVERSION = YES_AGGRESSIVE;
				CLANG_CXX_LANGUAGE_STANDARD = "gnu++14";
				CLANG_CXX_LIBRARY = "libc++";
				CLANG_ENABLE_MODULES = YES;
				CLANG_ENABLE_OBJC_ARC = YES;
				CLANG_ENABLE_OBJC_WEAK = YES;
				CLANG_WARN_BLOCK_CAPTURE_AUTORELEASING = YES;
				CLANG_WARN_BOOL_CONVERSION = YES;
				CLANG_WARN_COMMA = YES;
				CLANG_WARN_CONSTANT_CONVERSION = YES;
				CLANG_WARN_DEPRECATED_OBJC_IMPLEMENTATIONS = YES;
				CLANG_WARN_DIRECT_OBJC_ISA_USAGE = YES_ERROR;
				CLANG_WARN_DOCUMENTATION_COMMENTS = YES;
				CLANG_WARN_EMPTY_BODY = YES;
				CLANG_WARN_ENUM_CONVERSION = YES;
				CLANG_WARN_INFINITE_RECURSION = YES;
				CLANG_WARN_INT_CONVERSION = YES;
				CLANG_WARN_NON_LITERAL_NULL_CONVERSION = YES;
				CLANG_WARN_OBJC_IMPLICIT_RETAIN_SELF = YES;
				CLANG_WARN_OBJC_LITERAL_CONVERSION = YES;
				CLANG_WARN_OBJC_ROOT_CLASS = YES_ERROR;
				CLANG_WARN_QUOTED_INCLUDE_IN_FRAMEWORK_HEADER = YES;
				CLANG_WARN_RANGE_LOOP_ANALYSIS = YES;
				CLANG_WARN_STRICT_PROTOTYPES = YES;
				CLANG_WARN_SUSPICIOUS_MOVE = YES;
				CLANG_WARN_UNGUARDED_AVAILABILITY = YES_AGGRESSIVE;
				CLANG_WARN_UNREACHABLE_CODE = YES;
				CLANG_WARN__DUPLICATE_METHOD_MATCH = YES;
				COPY_PHASE_STRIP = NO;
				DEBUG_INFORMATION_FORMAT = dwarf;
				ENABLE_STRICT_OBJC_MSGSEND = YES;
				ENABLE_TESTABILITY = YES;
				GCC_C_LANGUAGE_STANDARD = gnu11;
				GCC_DYNAMIC_NO_PIC = NO;
				GCC_NO_COMMON_BLOCKS = YES;
				GCC_OPTIMIZATION_LEVEL = 0;
				GCC_PREPROCESSOR_DEFINITIONS = (
					"DEBUG=1",
					"$(inherited)",
				);
				GCC_WARN_64_TO_32_BIT_CONVERSION = YES;
				GCC_WARN_ABOUT_RETURN_TYPE = YES_ERROR;
				GCC_WARN_UNDECLARED_SELECTOR = YES;
				GCC_WARN_UNINITIALIZED_AUTOS = YES_AGGRESSIVE;
				GCC_WARN_UNUSED_FUNCTION = YES;
				GCC_WARN_UNUSED_VARIABLE = YES;
				IPHONEOS_DEPLOYMENT_TARGET = 14.5;
				MTL_ENABLE_DEBUG_INFO = INCLUDE_SOURCE;
				MTL_FAST_MATH = YES;
				ONLY_ACTIVE_ARCH = YES;
				SDKROOT = iphoneos;
				SWIFT_ACTIVE_COMPILATION_CONDITIONS = DEBUG;
				SWIFT_OPTIMIZATION_LEVEL = "-Onone";
			};
			name = Debug;
		};
		B8B77C392682438700EE1CA3 /* Release */ = {
			isa = XCBuildConfiguration;
			buildSettings = {
				ALWAYS_SEARCH_USER_PATHS = NO;
				CLANG_ANALYZER_NONNULL = YES;
				CLANG_ANALYZER_NUMBER_OBJECT_CONVERSION = YES_AGGRESSIVE;
				CLANG_CXX_LANGUAGE_STANDARD = "gnu++14";
				CLANG_CXX_LIBRARY = "libc++";
				CLANG_ENABLE_MODULES = YES;
				CLANG_ENABLE_OBJC_ARC = YES;
				CLANG_ENABLE_OBJC_WEAK = YES;
				CLANG_WARN_BLOCK_CAPTURE_AUTORELEASING = YES;
				CLANG_WARN_BOOL_CONVERSION = YES;
				CLANG_WARN_COMMA = YES;
				CLANG_WARN_CONSTANT_CONVERSION = YES;
				CLANG_WARN_DEPRECATED_OBJC_IMPLEMENTATIONS = YES;
				CLANG_WARN_DIRECT_OBJC_ISA_USAGE = YES_ERROR;
				CLANG_WARN_DOCUMENTATION_COMMENTS = YES;
				CLANG_WARN_EMPTY_BODY = YES;
				CLANG_WARN_ENUM_CONVERSION = YES;
				CLANG_WARN_INFINITE_RECURSION = YES;
				CLANG_WARN_INT_CONVERSION = YES;
				CLANG_WARN_NON_LITERAL_NULL_CONVERSION = YES;
				CLANG_WARN_OBJC_IMPLICIT_RETAIN_SELF = YES;
				CLANG_WARN_OBJC_LITERAL_CONVERSION = YES;
				CLANG_WARN_OBJC_ROOT_CLASS = YES_ERROR;
				CLANG_WARN_QUOTED_INCLUDE_IN_FRAMEWORK_HEADER = YES;
				CLANG_WARN_RANGE_LOOP_ANALYSIS = YES;
				CLANG_WARN_STRICT_PROTOTYPES = YES;
				CLANG_WARN_SUSPICIOUS_MOVE = YES;
				CLANG_WARN_UNGUARDED_AVAILABILITY = YES_AGGRESSIVE;
				CLANG_WARN_UNREACHABLE_CODE = YES;
				CLANG_WARN__DUPLICATE_METHOD_MATCH = YES;
				COPY_PHASE_STRIP = NO;
				DEBUG_INFORMATION_FORMAT = "dwarf-with-dsym";
				ENABLE_NS_ASSERTIONS = NO;
				ENABLE_STRICT_OBJC_MSGSEND = YES;
				GCC_C_LANGUAGE_STANDARD = gnu11;
				GCC_NO_COMMON_BLOCKS = YES;
				GCC_WARN_64_TO_32_BIT_CONVERSION = YES;
				GCC_WARN_ABOUT_RETURN_TYPE = YES_ERROR;
				GCC_WARN_UNDECLARED_SELECTOR = YES;
				GCC_WARN_UNINITIALIZED_AUTOS = YES_AGGRESSIVE;
				GCC_WARN_UNUSED_FUNCTION = YES;
				GCC_WARN_UNUSED_VARIABLE = YES;
				IPHONEOS_DEPLOYMENT_TARGET = 14.5;
				MTL_ENABLE_DEBUG_INFO = NO;
				MTL_FAST_MATH = YES;
				SDKROOT = iphoneos;
				SWIFT_COMPILATION_MODE = wholemodule;
				SWIFT_OPTIMIZATION_LEVEL = "-O";
				VALIDATE_PRODUCT = YES;
			};
			name = Release;
		};
		B8B77C3B2682438700EE1CA3 /* Debug */ = {
			isa = XCBuildConfiguration;
			buildSettings = {
				ASSETCATALOG_COMPILER_APPICON_NAME = AppIcon;
				ASSETCATALOG_COMPILER_GLOBAL_ACCENT_COLOR_NAME = AccentColor;
				CODE_SIGN_STYLE = Automatic;
				DEVELOPMENT_TEAM = 3SJ4Y68PW7;
				INFOPLIST_FILE = "MVC-N/Support files/Info.plist";
				LD_RUNPATH_SEARCH_PATHS = (
					"$(inherited)",
					"@executable_path/Frameworks",
				);
				PRODUCT_BUNDLE_IDENTIFIER = "slothCoder.Inc.MVC-N";
				PRODUCT_NAME = "$(TARGET_NAME)";
				SWIFT_VERSION = 5.0;
				TARGETED_DEVICE_FAMILY = "1,2";
			};
			name = Debug;
		};
		B8B77C3C2682438700EE1CA3 /* Release */ = {
			isa = XCBuildConfiguration;
			buildSettings = {
				ASSETCATALOG_COMPILER_APPICON_NAME = AppIcon;
				ASSETCATALOG_COMPILER_GLOBAL_ACCENT_COLOR_NAME = AccentColor;
				CODE_SIGN_STYLE = Automatic;
				DEVELOPMENT_TEAM = 3SJ4Y68PW7;
				INFOPLIST_FILE = "MVC-N/Support files/Info.plist";
				LD_RUNPATH_SEARCH_PATHS = (
					"$(inherited)",
					"@executable_path/Frameworks",
				);
				PRODUCT_BUNDLE_IDENTIFIER = "slothCoder.Inc.MVC-N";
				PRODUCT_NAME = "$(TARGET_NAME)";
				SWIFT_VERSION = 5.0;
				TARGETED_DEVICE_FAMILY = "1,2";
			};
			name = Release;
		};
/* End XCBuildConfiguration section */

/* Begin XCConfigurationList section */
		B8B77C212682438500EE1CA3 /* Build configuration list for PBXProject "MVC-N" */ = {
			isa = XCConfigurationList;
			buildConfigurations = (
				B8B77C382682438700EE1CA3 /* Debug */,
				B8B77C392682438700EE1CA3 /* Release */,
			);
			defaultConfigurationIsVisible = 0;
			defaultConfigurationName = Release;
		};
		B8B77C3A2682438700EE1CA3 /* Build configuration list for PBXNativeTarget "MVC-N" */ = {
			isa = XCConfigurationList;
			buildConfigurations = (
				B8B77C3B2682438700EE1CA3 /* Debug */,
				B8B77C3C2682438700EE1CA3 /* Release */,
			);
			defaultConfigurationIsVisible = 0;
			defaultConfigurationName = Release;
		};
/* End XCConfigurationList section */
	};
	rootObject = B8B77C1E2682438500EE1CA3 /* Project object */;
}
